
Microsoft Visual Studio Solution File, Format Version 12.00
# Visual Studio Version 16
VisualStudioVersion = 16.0.30225.117
MinimumVisualStudioVersion = 10.0.40219.1
Project("{FAE04EC0-301F-11D3-BF4B-00C04F79EFBC}") = "FtpClientService", "FtpClientService\FtpClientService.csproj", "{3C3E6080-4D6A-4E8C-8740-5813F0518ED0}"
EndProject
Global
	GlobalSection(SolutionConfigurationPlatforms) = preSolution
		Debug|Any CPU = Debug|Any CPU
		Release|Any CPU = Release|Any CPU
	EndGlobalSection
	GlobalSection(ProjectConfigurationPlatforms) = postSolution
		{3C3E6080-4D6A-4E8C-8740-5813F0518ED0}.Debug|Any CPU.ActiveCfg = Debug|Any CPU
		{3C3E6080-4D6A-4E8C-8740-5813F0518ED0}.Debug|Any CPU.Build.0 = Debug|Any CPU
		{3C3E6080-4D6A-4E8C-8740-5813F0518ED0}.Release|Any CPU.ActiveCfg = Release|Any CPU
		{3C3E6080-4D6A-4E8C-8740-5813F0518ED0}.Release|Any CPU.Build.0 = Release|Any CPU
	EndGlobalSection
	GlobalSection(SolutionProperties) = preSolution
		HideSolutionNode = FALSE
	EndGlobalSection
	GlobalSection(ExtensibilityGlobals) = postSolution
		SolutionGuid = {1C70D624-C9A4-4CBC-A367-B0983967D0F4}
	EndGlobalSection
EndGlobal
